
Microsoft Visual Studio Solution File, Format Version 12.00
# Visual Studio 15
VisualStudioVersion = 15.0.28307.2092
MinimumVisualStudioVersion = 10.0.40219.1
Project("{FAE04EC0-301F-11D3-BF4B-00C04F79EFBC}") = "Android", "Android\Android.csproj", "{143FC85F-46CB-46F3-A1A4-DE8C68A96F34}"
EndProject
Global
	GlobalSection(SolutionConfigurationPlatforms) = preSolution
		Debug|Any CPU = Debug|Any CPU
		Release|Any CPU = Release|Any CPU
	EndGlobalSection
	GlobalSection(ProjectConfigurationPlatforms) = postSolution
		{143FC85F-46CB-46F3-A1A4-DE8C68A96F34}.Debug|Any CPU.ActiveCfg = Debug|Any CPU
		{143FC85F-46CB-46F3-A1A4-DE8C68A96F34}.Debug|Any CPU.Build.0 = Debug|Any CPU
		{143FC85F-46CB-46F3-A1A4-DE8C68A96F34}.Debug|Any CPU.Deploy.0 = Debug|Any CPU
		{143FC85F-46CB-46F3-A1A4-DE8C68A96F34}.Release|Any CPU.ActiveCfg = Release|Any CPU
		{143FC85F-46CB-46F3-A1A4-DE8C68A96F34}.Release|Any CPU.Build.0 = Release|Any CPU
		{143FC85F-46CB-46F3-A1A4-DE8C68A96F34}.Release|Any CPU.Deploy.0 = Release|Any CPU
	EndGlobalSection
	GlobalSection(SolutionProperties) = preSolution
		HideSolutionNode = FALSE
	EndGlobalSection
	GlobalSection(ExtensibilityGlobals) = postSolution
		SolutionGuid = {0206A3B2-30E5-4787-917B-A7066719495F}
	EndGlobalSection
EndGlobal
